
Microsoft Visual Studio Solution File, Format Version 12.00
# Visual Studio Version 16
VisualStudioVersion = 16.0.29411.108
MinimumVisualStudioVersion = 10.0.40219.1
Project("{9A19103F-16F7-4668-BE54-9A1E7A4F7556}") = "Algorithm", "Algorithm\Algorithm.csproj", "{A7161656-C184-435A-9B3D-64E3E53BC592}"
EndProject
Project("{FAE04EC0-301F-11D3-BF4B-00C04F79EFBC}") = "AlgorithmTests", "AlgorithmTests\AlgorithmTests.csproj", "{140CA1F4-3EF9-4A4E-AF9F-EF306A7EC246}"
EndProject
Global
	GlobalSection(SolutionConfigurationPlatforms) = preSolution
		Debug|Any CPU = Debug|Any CPU
		Release|Any CPU = Release|Any CPU
	EndGlobalSection
	GlobalSection(ProjectConfigurationPlatforms) = postSolution
		{A7161656-C184-435A-9B3D-64E3E53BC592}.Debug|Any CPU.ActiveCfg = Debug|Any CPU
		{A7161656-C184-435A-9B3D-64E3E53BC592}.Debug|Any CPU.Build.0 = Debug|Any CPU
		{A7161656-C184-435A-9B3D-64E3E53BC592}.Release|Any CPU.ActiveCfg = Release|Any CPU
		{A7161656-C184-435A-9B3D-64E3E53BC592}.Release|Any CPU.Build.0 = Release|Any CPU
		{140CA1F4-3EF9-4A4E-AF9F-EF306A7EC246}.Debug|Any CPU.ActiveCfg = Debug|Any CPU
		{140CA1F4-3EF9-4A4E-AF9F-EF306A7EC246}.Debug|Any CPU.Build.0 = Debug|Any CPU
		{140CA1F4-3EF9-4A4E-AF9F-EF306A7EC246}.Release|Any CPU.ActiveCfg = Release|Any CPU
		{140CA1F4-3EF9-4A4E-AF9F-EF306A7EC246}.Release|Any CPU.Build.0 = Release|Any CPU
	EndGlobalSection
	GlobalSection(SolutionProperties) = preSolution
		HideSolutionNode = FALSE
	EndGlobalSection
	GlobalSection(ExtensibilityGlobals) = postSolution
		SolutionGuid = {DC0DDC1E-AF63-4CFF-BEF3-8E68A802114E}
	EndGlobalSection
EndGlobal
